// !$*UTF8*$!
{
	archiveVersion = 1;
	classes = {
	};
	objectVersion = 50;
	objects = {

/* Begin PBXBuildFile section */
		4F4A3440FB930AFBE0F6EC79 /* Pods_Messenger.framework in Frameworks */ = {isa = PBXBuildFile; fileRef = 5A82B5113081E98EA7476588 /* Pods_Messenger.framework */; };
		72ED59704EE238489F181475 /* Pods_MessengerTests.framework in Frameworks */ = {isa = PBXBuildFile; fileRef = 11FD8BFAA83D9D7D7086E2AF /* Pods_MessengerTests.framework */; };
		C5154F84E287D3CA8AC183B1 /* Pods_Messenger_MessengerUITests.framework in Frameworks */ = {isa = PBXBuildFile; fileRef = B399A1A93E94EA54B3877F13 /* Pods_Messenger_MessengerUITests.framework */; };
		CD8BFE0E257DFF8D0063DB29 /* LoginViewController.swift in Sources */ = {isa = PBXBuildFile; fileRef = CD8BFE0D257DFF8D0063DB29 /* LoginViewController.swift */; };
		CD8BFE13257DFFAA0063DB29 /* RegisterViewController.swift in Sources */ = {isa = PBXBuildFile; fileRef = CD8BFE12257DFFAA0063DB29 /* RegisterViewController.swift */; };
		CD8BFE18257DFFC90063DB29 /* PhotoViewerViewController.swift in Sources */ = {isa = PBXBuildFile; fileRef = CD8BFE17257DFFC90063DB29 /* PhotoViewerViewController.swift */; };
		CD8BFE1D257DFFE00063DB29 /* VideoPlayerViewController.swift in Sources */ = {isa = PBXBuildFile; fileRef = CD8BFE1C257DFFE00063DB29 /* VideoPlayerViewController.swift */; };
		CD8BFE22257E00040063DB29 /* NewConversationViewController.swift in Sources */ = {isa = PBXBuildFile; fileRef = CD8BFE21257E00040063DB29 /* NewConversationViewController.swift */; };
		CD8BFE27257E00280063DB29 /* ProfileViewController.swift in Sources */ = {isa = PBXBuildFile; fileRef = CD8BFE26257E00280063DB29 /* ProfileViewController.swift */; };
		CDF6E702257DF9CF00E51FC8 /* AppDelegate.swift in Sources */ = {isa = PBXBuildFile; fileRef = CDF6E701257DF9CF00E51FC8 /* AppDelegate.swift */; };
		CDF6E704257DF9CF00E51FC8 /* SceneDelegate.swift in Sources */ = {isa = PBXBuildFile; fileRef = CDF6E703257DF9CF00E51FC8 /* SceneDelegate.swift */; };
		CDF6E706257DF9CF00E51FC8 /* ConversationsViewController.swift in Sources */ = {isa = PBXBuildFile; fileRef = CDF6E705257DF9CF00E51FC8 /* ConversationsViewController.swift */; };
		CDF6E709257DF9CF00E51FC8 /* Main.storyboard in Resources */ = {isa = PBXBuildFile; fileRef = CDF6E707257DF9CF00E51FC8 /* Main.storyboard */; };
		CDF6E70B257DF9D100E51FC8 /* Assets.xcassets in Resources */ = {isa = PBXBuildFile; fileRef = CDF6E70A257DF9D100E51FC8 /* Assets.xcassets */; };
		CDF6E70E257DF9D100E51FC8 /* LaunchScreen.storyboard in Resources */ = {isa = PBXBuildFile; fileRef = CDF6E70C257DF9D100E51FC8 /* LaunchScreen.storyboard */; };
		CDF6E719257DF9D100E51FC8 /* MessengerTests.swift in Sources */ = {isa = PBXBuildFile; fileRef = CDF6E718257DF9D100E51FC8 /* MessengerTests.swift */; };
		CDF6E724257DF9D100E51FC8 /* MessengerUITests.swift in Sources */ = {isa = PBXBuildFile; fileRef = CDF6E723257DF9D100E51FC8 /* MessengerUITests.swift */; };
		CDF9075B257E22C100671429 /* Extensions.swift in Sources */ = {isa = PBXBuildFile; fileRef = CDF9075A257E22C100671429 /* Extensions.swift */; };
/* End PBXBuildFile section */

/* Begin PBXContainerItemProxy section */
		CDF6E715257DF9D100E51FC8 /* PBXContainerItemProxy */ = {
			isa = PBXContainerItemProxy;
			containerPortal = CDF6E6F6257DF9CF00E51FC8 /* Project object */;
			proxyType = 1;
			remoteGlobalIDString = CDF6E6FD257DF9CF00E51FC8;
			remoteInfo = Messenger;
		};
		CDF6E720257DF9D100E51FC8 /* PBXContainerItemProxy */ = {
			isa = PBXContainerItemProxy;
			containerPortal = CDF6E6F6257DF9CF00E51FC8 /* Project object */;
			proxyType = 1;
			remoteGlobalIDString = CDF6E6FD257DF9CF00E51FC8;
			remoteInfo = Messenger;
		};
/* End PBXContainerItemProxy section */

/* Begin PBXFileReference section */
		0DF0900F5A3CF287AB9227A0 /* Pods-Messenger-MessengerUITests.release.xcconfig */ = {isa = PBXFileReference; includeInIndex = 1; lastKnownFileType = text.xcconfig; name = "Pods-Messenger-MessengerUITests.release.xcconfig"; path = "Target Support Files/Pods-Messenger-MessengerUITests/Pods-Messenger-MessengerUITests.release.xcconfig"; sourceTree = "<group>"; };
		11FD8BFAA83D9D7D7086E2AF /* Pods_MessengerTests.framework */ = {isa = PBXFileReference; explicitFileType = wrapper.framework; includeInIndex = 0; path = Pods_MessengerTests.framework; sourceTree = BUILT_PRODUCTS_DIR; };
		1E24CAB39706151C57BF063F /* Pods-Messenger.debug.xcconfig */ = {isa = PBXFileReference; includeInIndex = 1; lastKnownFileType = text.xcconfig; name = "Pods-Messenger.debug.xcconfig"; path = "Target Support Files/Pods-Messenger/Pods-Messenger.debug.xcconfig"; sourceTree = "<group>"; };
		321EEFC6EB18AC9E1DA05DC4 /* Pods-Messenger-MessengerUITests.debug.xcconfig */ = {isa = PBXFileReference; includeInIndex = 1; lastKnownFileType = text.xcconfig; name = "Pods-Messenger-MessengerUITests.debug.xcconfig"; path = "Target Support Files/Pods-Messenger-MessengerUITests/Pods-Messenger-MessengerUITests.debug.xcconfig"; sourceTree = "<group>"; };
		5179589679DB0566383F1044 /* Pods-Messenger.release.xcconfig */ = {isa = PBXFileReference; includeInIndex = 1; lastKnownFileType = text.xcconfig; name = "Pods-Messenger.release.xcconfig"; path = "Target Support Files/Pods-Messenger/Pods-Messenger.release.xcconfig"; sourceTree = "<group>"; };
		5A82B5113081E98EA7476588 /* Pods_Messenger.framework */ = {isa = PBXFileReference; explicitFileType = wrapper.framework; includeInIndex = 0; path = Pods_Messenger.framework; sourceTree = BUILT_PRODUCTS_DIR; };
		6BED0852CC1338AA41D195FF /* Pods-MessengerTests.debug.xcconfig */ = {isa = PBXFileReference; includeInIndex = 1; lastKnownFileType = text.xcconfig; name = "Pods-MessengerTests.debug.xcconfig"; path = "Target Support Files/Pods-MessengerTests/Pods-MessengerTests.debug.xcconfig"; sourceTree = "<group>"; };
		B399A1A93E94EA54B3877F13 /* Pods_Messenger_MessengerUITests.framework */ = {isa = PBXFileReference; explicitFileType = wrapper.framework; includeInIndex = 0; path = Pods_Messenger_MessengerUITests.framework; sourceTree = BUILT_PRODUCTS_DIR; };
		CD8BFE0D257DFF8D0063DB29 /* LoginViewController.swift */ = {isa = PBXFileReference; lastKnownFileType = sourcecode.swift; path = LoginViewController.swift; sourceTree = "<group>"; };
		CD8BFE12257DFFAA0063DB29 /* RegisterViewController.swift */ = {isa = PBXFileReference; lastKnownFileType = sourcecode.swift; path = RegisterViewController.swift; sourceTree = "<group>"; };
		CD8BFE17257DFFC90063DB29 /* PhotoViewerViewController.swift */ = {isa = PBXFileReference; lastKnownFileType = sourcecode.swift; path = PhotoViewerViewController.swift; sourceTree = "<group>"; };
		CD8BFE1C257DFFE00063DB29 /* VideoPlayerViewController.swift */ = {isa = PBXFileReference; lastKnownFileType = sourcecode.swift; path = VideoPlayerViewController.swift; sourceTree = "<group>"; };
		CD8BFE21257E00040063DB29 /* NewConversationViewController.swift */ = {isa = PBXFileReference; lastKnownFileType = sourcecode.swift; path = NewConversationViewController.swift; sourceTree = "<group>"; };
		CD8BFE26257E00280063DB29 /* ProfileViewController.swift */ = {isa = PBXFileReference; lastKnownFileType = sourcecode.swift; path = ProfileViewController.swift; sourceTree = "<group>"; };
		CDF6E6FE257DF9CF00E51FC8 /* Messenger.app */ = {isa = PBXFileReference; explicitFileType = wrapper.application; includeInIndex = 0; path = Messenger.app; sourceTree = BUILT_PRODUCTS_DIR; };
		CDF6E701257DF9CF00E51FC8 /* AppDelegate.swift */ = {isa = PBXFileReference; lastKnownFileType = sourcecode.swift; path = AppDelegate.swift; sourceTree = "<group>"; };
		CDF6E703257DF9CF00E51FC8 /* SceneDelegate.swift */ = {isa = PBXFileReference; lastKnownFileType = sourcecode.swift; path = SceneDelegate.swift; sourceTree = "<group>"; };
		CDF6E705257DF9CF00E51FC8 /* ConversationsViewController.swift */ = {isa = PBXFileReference; lastKnownFileType = sourcecode.swift; path = ConversationsViewController.swift; sourceTree = "<group>"; };
		CDF6E708257DF9CF00E51FC8 /* Base */ = {isa = PBXFileReference; lastKnownFileType = file.storyboard; name = Base; path = Base.lproj/Main.storyboard; sourceTree = "<group>"; };
		CDF6E70A257DF9D100E51FC8 /* Assets.xcassets */ = {isa = PBXFileReference; lastKnownFileType = folder.assetcatalog; path = Assets.xcassets; sourceTree = "<group>"; };
		CDF6E70D257DF9D100E51FC8 /* Base */ = {isa = PBXFileReference; lastKnownFileType = file.storyboard; name = Base; path = Base.lproj/LaunchScreen.storyboard; sourceTree = "<group>"; };
		CDF6E70F257DF9D100E51FC8 /* Info.plist */ = {isa = PBXFileReference; lastKnownFileType = text.plist.xml; path = Info.plist; sourceTree = "<group>"; };
		CDF6E714257DF9D100E51FC8 /* MessengerTests.xctest */ = {isa = PBXFileReference; explicitFileType = wrapper.cfbundle; includeInIndex = 0; path = MessengerTests.xctest; sourceTree = BUILT_PRODUCTS_DIR; };
		CDF6E718257DF9D100E51FC8 /* MessengerTests.swift */ = {isa = PBXFileReference; lastKnownFileType = sourcecode.swift; path = MessengerTests.swift; sourceTree = "<group>"; };
		CDF6E71A257DF9D100E51FC8 /* Info.plist */ = {isa = PBXFileReference; lastKnownFileType = text.plist.xml; path = Info.plist; sourceTree = "<group>"; };
		CDF6E71F257DF9D100E51FC8 /* MessengerUITests.xctest */ = {isa = PBXFileReference; explicitFileType = wrapper.cfbundle; includeInIndex = 0; path = MessengerUITests.xctest; sourceTree = BUILT_PRODUCTS_DIR; };
		CDF6E723257DF9D100E51FC8 /* MessengerUITests.swift */ = {isa = PBXFileReference; lastKnownFileType = sourcecode.swift; path = MessengerUITests.swift; sourceTree = "<group>"; };
		CDF6E725257DF9D100E51FC8 /* Info.plist */ = {isa = PBXFileReference; lastKnownFileType = text.plist.xml; path = Info.plist; sourceTree = "<group>"; };
		CDF9075A257E22C100671429 /* Extensions.swift */ = {isa = PBXFileReference; lastKnownFileType = sourcecode.swift; path = Extensions.swift; sourceTree = "<group>"; };
		DA3E8CCC4F0883793130F684 /* Pods-MessengerTests.release.xcconfig */ = {isa = PBXFileReference; includeInIndex = 1; lastKnownFileType = text.xcconfig; name = "Pods-MessengerTests.release.xcconfig"; path = "Target Support Files/Pods-MessengerTests/Pods-MessengerTests.release.xcconfig"; sourceTree = "<group>"; };
/* End PBXFileReference section */

/* Begin PBXFrameworksBuildPhase section */
		CDF6E6FB257DF9CF00E51FC8 /* Frameworks */ = {
			isa = PBXFrameworksBuildPhase;
			buildActionMask = 2147483647;
			files = (
				4F4A3440FB930AFBE0F6EC79 /* Pods_Messenger.framework in Frameworks */,
			);
			runOnlyForDeploymentPostprocessing = 0;
		};
		CDF6E711257DF9D100E51FC8 /* Frameworks */ = {
			isa = PBXFrameworksBuildPhase;
			buildActionMask = 2147483647;
			files = (
				72ED59704EE238489F181475 /* Pods_MessengerTests.framework in Frameworks */,
			);
			runOnlyForDeploymentPostprocessing = 0;
		};
		CDF6E71C257DF9D100E51FC8 /* Frameworks */ = {
			isa = PBXFrameworksBuildPhase;
			buildActionMask = 2147483647;
			files = (
				C5154F84E287D3CA8AC183B1 /* Pods_Messenger_MessengerUITests.framework in Frameworks */,
			);
			runOnlyForDeploymentPostprocessing = 0;
		};
/* End PBXFrameworksBuildPhase section */

/* Begin PBXGroup section */
		7A74EA8DC000F1BA7E55DA54 /* Pods */ = {
			isa = PBXGroup;
			children = (
				1E24CAB39706151C57BF063F /* Pods-Messenger.debug.xcconfig */,
				5179589679DB0566383F1044 /* Pods-Messenger.release.xcconfig */,
				321EEFC6EB18AC9E1DA05DC4 /* Pods-Messenger-MessengerUITests.debug.xcconfig */,
				0DF0900F5A3CF287AB9227A0 /* Pods-Messenger-MessengerUITests.release.xcconfig */,
				6BED0852CC1338AA41D195FF /* Pods-MessengerTests.debug.xcconfig */,
				DA3E8CCC4F0883793130F684 /* Pods-MessengerTests.release.xcconfig */,
			);
			name = Pods;
			path = Pods;
			sourceTree = "<group>";
		};
		C3E22ACA7CCF4A4B1FC057A8 /* Frameworks */ = {
			isa = PBXGroup;
			children = (
				5A82B5113081E98EA7476588 /* Pods_Messenger.framework */,
				B399A1A93E94EA54B3877F13 /* Pods_Messenger_MessengerUITests.framework */,
				11FD8BFAA83D9D7D7086E2AF /* Pods_MessengerTests.framework */,
			);
			name = Frameworks;
			sourceTree = "<group>";
		};
		CDF6E6F5257DF9CF00E51FC8 = {
			isa = PBXGroup;
			children = (
				CDF6E700257DF9CF00E51FC8 /* Messenger */,
				CDF6E717257DF9D100E51FC8 /* MessengerTests */,
				CDF6E722257DF9D100E51FC8 /* MessengerUITests */,
				CDF6E6FF257DF9CF00E51FC8 /* Products */,
				7A74EA8DC000F1BA7E55DA54 /* Pods */,
				C3E22ACA7CCF4A4B1FC057A8 /* Frameworks */,
			);
			sourceTree = "<group>";
		};
		CDF6E6FF257DF9CF00E51FC8 /* Products */ = {
			isa = PBXGroup;
			children = (
				CDF6E6FE257DF9CF00E51FC8 /* Messenger.app */,
				CDF6E714257DF9D100E51FC8 /* MessengerTests.xctest */,
				CDF6E71F257DF9D100E51FC8 /* MessengerUITests.xctest */,
			);
			name = Products;
			sourceTree = "<group>";
		};
		CDF6E700257DF9CF00E51FC8 /* Messenger */ = {
			isa = PBXGroup;
			children = (
				CDF6E738257DFAF300E51FC8 /* Resources */,
				CDF6E737257DFAE500E51FC8 /* ViewModels */,
				CDF6E736257DFADE00E51FC8 /* Models */,
				CDF6E735257DFAD800E51FC8 /* Views */,
				CDF6E734257DFAC400E51FC8 /* Controllers */,
				CDF6E70F257DF9D100E51FC8 /* Info.plist */,
			);
			path = Messenger;
			sourceTree = "<group>";
		};
		CDF6E717257DF9D100E51FC8 /* MessengerTests */ = {
			isa = PBXGroup;
			children = (
				CDF6E718257DF9D100E51FC8 /* MessengerTests.swift */,
				CDF6E71A257DF9D100E51FC8 /* Info.plist */,
			);
			path = MessengerTests;
			sourceTree = "<group>";
		};
		CDF6E722257DF9D100E51FC8 /* MessengerUITests */ = {
			isa = PBXGroup;
			children = (
				CDF6E723257DF9D100E51FC8 /* MessengerUITests.swift */,
				CDF6E725257DF9D100E51FC8 /* Info.plist */,
			);
			path = MessengerUITests;
			sourceTree = "<group>";
		};
		CDF6E734257DFAC400E51FC8 /* Controllers */ = {
			isa = PBXGroup;
			children = (
				CDF6E705257DF9CF00E51FC8 /* ConversationsViewController.swift */,
				CDF90756257E1CBE00671429 /* Login */,
				CD8BFE17257DFFC90063DB29 /* PhotoViewerViewController.swift */,
				CD8BFE1C257DFFE00063DB29 /* VideoPlayerViewController.swift */,
				CD8BFE21257E00040063DB29 /* NewConversationViewController.swift */,
				CD8BFE26257E00280063DB29 /* ProfileViewController.swift */,
			);
			path = Controllers;
			sourceTree = "<group>";
		};
		CDF6E735257DFAD800E51FC8 /* Views */ = {
			isa = PBXGroup;
			children = (
				CDF6E739257DFB2A00E51FC8 /* Storyboards */,
				CDF6E70A257DF9D100E51FC8 /* Assets.xcassets */,
			);
			path = Views;
			sourceTree = "<group>";
		};
		CDF6E736257DFADE00E51FC8 /* Models */ = {
			isa = PBXGroup;
			children = (
			);
			path = Models;
			sourceTree = "<group>";
		};
		CDF6E737257DFAE500E51FC8 /* ViewModels */ = {
			isa = PBXGroup;
			children = (
			);
			path = ViewModels;
			sourceTree = "<group>";
		};
		CDF6E738257DFAF300E51FC8 /* Resources */ = {
			isa = PBXGroup;
			children = (
				CDF6E701257DF9CF00E51FC8 /* AppDelegate.swift */,
				CDF6E703257DF9CF00E51FC8 /* SceneDelegate.swift */,
				CDF9075A257E22C100671429 /* Extensions.swift */,
			);
			path = Resources;
			sourceTree = "<group>";
		};
		CDF6E739257DFB2A00E51FC8 /* Storyboards */ = {
			isa = PBXGroup;
			children = (
				CDF6E707257DF9CF00E51FC8 /* Main.storyboard */,
				CDF6E70C257DF9D100E51FC8 /* LaunchScreen.storyboard */,
			);
			path = Storyboards;
			sourceTree = "<group>";
		};
		CDF90756257E1CBE00671429 /* Login */ = {
			isa = PBXGroup;
			children = (
				CD8BFE0D257DFF8D0063DB29 /* LoginViewController.swift */,
				CD8BFE12257DFFAA0063DB29 /* RegisterViewController.swift */,
			);
			path = Login;
			sourceTree = "<group>";
		};
/* End PBXGroup section */

/* Begin PBXNativeTarget section */
		CDF6E6FD257DF9CF00E51FC8 /* Messenger */ = {
			isa = PBXNativeTarget;
			buildConfigurationList = CDF6E728257DF9D100E51FC8 /* Build configuration list for PBXNativeTarget "Messenger" */;
			buildPhases = (
				FE9C802C2D3C282A02D585D1 /* [CP] Check Pods Manifest.lock */,
				CDF6E6FA257DF9CF00E51FC8 /* Sources */,
				CDF6E6FB257DF9CF00E51FC8 /* Frameworks */,
				CDF6E6FC257DF9CF00E51FC8 /* Resources */,
				9DDCFBA7B67978E4995468E5 /* [CP] Embed Pods Frameworks */,
			);
			buildRules = (
			);
			dependencies = (
			);
			name = Messenger;
			productName = Messenger;
			productReference = CDF6E6FE257DF9CF00E51FC8 /* Messenger.app */;
			productType = "com.apple.product-type.application";
		};
		CDF6E713257DF9D100E51FC8 /* MessengerTests */ = {
			isa = PBXNativeTarget;
			buildConfigurationList = CDF6E72B257DF9D100E51FC8 /* Build configuration list for PBXNativeTarget "MessengerTests" */;
			buildPhases = (
				2A54ACF7E16B0A9CD6ADEC2B /* [CP] Check Pods Manifest.lock */,
				CDF6E710257DF9D100E51FC8 /* Sources */,
				CDF6E711257DF9D100E51FC8 /* Frameworks */,
				CDF6E712257DF9D100E51FC8 /* Resources */,
			);
			buildRules = (
			);
			dependencies = (
				CDF6E716257DF9D100E51FC8 /* PBXTargetDependency */,
			);
			name = MessengerTests;
			productName = MessengerTests;
			productReference = CDF6E714257DF9D100E51FC8 /* MessengerTests.xctest */;
			productType = "com.apple.product-type.bundle.unit-test";
		};
		CDF6E71E257DF9D100E51FC8 /* MessengerUITests */ = {
			isa = PBXNativeTarget;
			buildConfigurationList = CDF6E72E257DF9D100E51FC8 /* Build configuration list for PBXNativeTarget "MessengerUITests" */;
			buildPhases = (
				5D05B9A5594AFA88EC530D15 /* [CP] Check Pods Manifest.lock */,
				CDF6E71B257DF9D100E51FC8 /* Sources */,
				CDF6E71C257DF9D100E51FC8 /* Frameworks */,
				CDF6E71D257DF9D100E51FC8 /* Resources */,
				7BE3B1501B5871695C89FE1E /* [CP] Embed Pods Frameworks */,
			);
			buildRules = (
			);
			dependencies = (
				CDF6E721257DF9D100E51FC8 /* PBXTargetDependency */,
			);
			name = MessengerUITests;
			productName = MessengerUITests;
			productReference = CDF6E71F257DF9D100E51FC8 /* MessengerUITests.xctest */;
			productType = "com.apple.product-type.bundle.ui-testing";
		};
/* End PBXNativeTarget section */

/* Begin PBXProject section */
		CDF6E6F6257DF9CF00E51FC8 /* Project object */ = {
			isa = PBXProject;
			attributes = {
				LastSwiftUpdateCheck = 1220;
				LastUpgradeCheck = 1220;
				TargetAttributes = {
					CDF6E6FD257DF9CF00E51FC8 = {
						CreatedOnToolsVersion = 12.2;
					};
					CDF6E713257DF9D100E51FC8 = {
						CreatedOnToolsVersion = 12.2;
						TestTargetID = CDF6E6FD257DF9CF00E51FC8;
					};
					CDF6E71E257DF9D100E51FC8 = {
						CreatedOnToolsVersion = 12.2;
						TestTargetID = CDF6E6FD257DF9CF00E51FC8;
					};
				};
			};
			buildConfigurationList = CDF6E6F9257DF9CF00E51FC8 /* Build configuration list for PBXProject "Messenger" */;
			compatibilityVersion = "Xcode 9.3";
			developmentRegion = en;
			hasScannedForEncodings = 0;
			knownRegions = (
				en,
				Base,
			);
			mainGroup = CDF6E6F5257DF9CF00E51FC8;
			productRefGroup = CDF6E6FF257DF9CF00E51FC8 /* Products */;
			projectDirPath = "";
			projectRoot = "";
			targets = (
				CDF6E6FD257DF9CF00E51FC8 /* Messenger */,
				CDF6E713257DF9D100E51FC8 /* MessengerTests */,
				CDF6E71E257DF9D100E51FC8 /* MessengerUITests */,
			);
		};
/* End PBXProject section */

/* Begin PBXResourcesBuildPhase section */
		CDF6E6FC257DF9CF00E51FC8 /* Resources */ = {
			isa = PBXResourcesBuildPhase;
			buildActionMask = 2147483647;
			files = (
				CDF6E70E257DF9D100E51FC8 /* LaunchScreen.storyboard in Resources */,
				CDF6E70B257DF9D100E51FC8 /* Assets.xcassets in Resources */,
				CDF6E709257DF9CF00E51FC8 /* Main.storyboard in Resources */,
			);
			runOnlyForDeploymentPostprocessing = 0;
		};
		CDF6E712257DF9D100E51FC8 /* Resources */ = {
			isa = PBXResourcesBuildPhase;
			buildActionMask = 2147483647;
			files = (
			);
			runOnlyForDeploymentPostprocessing = 0;
		};
		CDF6E71D257DF9D100E51FC8 /* Resources */ = {
			isa = PBXResourcesBuildPhase;
			buildActionMask = 2147483647;
			files = (
			);
			runOnlyForDeploymentPostprocessing = 0;
		};
/* End PBXResourcesBuildPhase section */

/* Begin PBXShellScriptBuildPhase section */
		2A54ACF7E16B0A9CD6ADEC2B /* [CP] Check Pods Manifest.lock */ = {
			isa = PBXShellScriptBuildPhase;
			buildActionMask = 2147483647;
			files = (
			);
			inputFileListPaths = (
			);
			inputPaths = (
				"${PODS_PODFILE_DIR_PATH}/Podfile.lock",
				"${PODS_ROOT}/Manifest.lock",
			);
			name = "[CP] Check Pods Manifest.lock";
			outputFileListPaths = (
			);
			outputPaths = (
				"$(DERIVED_FILE_DIR)/Pods-MessengerTests-checkManifestLockResult.txt",
			);
			runOnlyForDeploymentPostprocessing = 0;
			shellPath = /bin/sh;
			shellScript = "diff \"${PODS_PODFILE_DIR_PATH}/Podfile.lock\" \"${PODS_ROOT}/Manifest.lock\" > /dev/null\nif [ $? != 0 ] ; then\n    # print error to STDERR\n    echo \"error: The sandbox is not in sync with the Podfile.lock. Run 'pod install' or update your CocoaPods installation.\" >&2\n    exit 1\nfi\n# This output is used by Xcode 'outputs' to avoid re-running this script phase.\necho \"SUCCESS\" > \"${SCRIPT_OUTPUT_FILE_0}\"\n";
			showEnvVarsInLog = 0;
		};
		5D05B9A5594AFA88EC530D15 /* [CP] Check Pods Manifest.lock */ = {
			isa = PBXShellScriptBuildPhase;
			buildActionMask = 2147483647;
			files = (
			);
			inputFileListPaths = (
			);
			inputPaths = (
				"${PODS_PODFILE_DIR_PATH}/Podfile.lock",
				"${PODS_ROOT}/Manifest.lock",
			);
			name = "[CP] Check Pods Manifest.lock";
			outputFileListPaths = (
			);
			outputPaths = (
				"$(DERIVED_FILE_DIR)/Pods-Messenger-MessengerUITests-checkManifestLockResult.txt",
			);
			runOnlyForDeploymentPostprocessing = 0;
			shellPath = /bin/sh;
			shellScript = "diff \"${PODS_PODFILE_DIR_PATH}/Podfile.lock\" \"${PODS_ROOT}/Manifest.lock\" > /dev/null\nif [ $? != 0 ] ; then\n    # print error to STDERR\n    echo \"error: The sandbox is not in sync with the Podfile.lock. Run 'pod install' or update your CocoaPods installation.\" >&2\n    exit 1\nfi\n# This output is used by Xcode 'outputs' to avoid re-running this script phase.\necho \"SUCCESS\" > \"${SCRIPT_OUTPUT_FILE_0}\"\n";
			showEnvVarsInLog = 0;
		};
		7BE3B1501B5871695C89FE1E /* [CP] Embed Pods Frameworks */ = {
			isa = PBXShellScriptBuildPhase;
			buildActionMask = 2147483647;
			files = (
			);
			inputFileListPaths = (
				"${PODS_ROOT}/Target Support Files/Pods-Messenger-MessengerUITests/Pods-Messenger-MessengerUITests-frameworks-${CONFIGURATION}-input-files.xcfilelist",
			);
			name = "[CP] Embed Pods Frameworks";
			outputFileListPaths = (
				"${PODS_ROOT}/Target Support Files/Pods-Messenger-MessengerUITests/Pods-Messenger-MessengerUITests-frameworks-${CONFIGURATION}-output-files.xcfilelist",
			);
			runOnlyForDeploymentPostprocessing = 0;
			shellPath = /bin/sh;
			shellScript = "\"${PODS_ROOT}/Target Support Files/Pods-Messenger-MessengerUITests/Pods-Messenger-MessengerUITests-frameworks.sh\"\n";
			showEnvVarsInLog = 0;
		};
		9DDCFBA7B67978E4995468E5 /* [CP] Embed Pods Frameworks */ = {
			isa = PBXShellScriptBuildPhase;
			buildActionMask = 2147483647;
			files = (
			);
			inputFileListPaths = (
				"${PODS_ROOT}/Target Support Files/Pods-Messenger/Pods-Messenger-frameworks-${CONFIGURATION}-input-files.xcfilelist",
			);
			name = "[CP] Embed Pods Frameworks";
			outputFileListPaths = (
				"${PODS_ROOT}/Target Support Files/Pods-Messenger/Pods-Messenger-frameworks-${CONFIGURATION}-output-files.xcfilelist",
			);
			runOnlyForDeploymentPostprocessing = 0;
			shellPath = /bin/sh;
			shellScript = "\"${PODS_ROOT}/Target Support Files/Pods-Messenger/Pods-Messenger-frameworks.sh\"\n";
			showEnvVarsInLog = 0;
		};
		FE9C802C2D3C282A02D585D1 /* [CP] Check Pods Manifest.lock */ = {
			isa = PBXShellScriptBuildPhase;
			buildActionMask = 2147483647;
			files = (
			);
			inputFileListPaths = (
			);
			inputPaths = (
				"${PODS_PODFILE_DIR_PATH}/Podfile.lock",
				"${PODS_ROOT}/Manifest.lock",
			);
			name = "[CP] Check Pods Manifest.lock";
			outputFileListPaths = (
			);
			outputPaths = (
				"$(DERIVED_FILE_DIR)/Pods-Messenger-checkManifestLockResult.txt",
			);
			runOnlyForDeploymentPostprocessing = 0;
			shellPath = /bin/sh;
			shellScript = "diff \"${PODS_PODFILE_DIR_PATH}/Podfile.lock\" \"${PODS_ROOT}/Manifest.lock\" > /dev/null\nif [ $? != 0 ] ; then\n    # print error to STDERR\n    echo \"error: The sandbox is not in sync with the Podfile.lock. Run 'pod install' or update your CocoaPods installation.\" >&2\n    exit 1\nfi\n# This output is used by Xcode 'outputs' to avoid re-running this script phase.\necho \"SUCCESS\" > \"${SCRIPT_OUTPUT_FILE_0}\"\n";
			showEnvVarsInLog = 0;
		};
/* End PBXShellScriptBuildPhase section */

/* Begin PBXSourcesBuildPhase section */
		CDF6E6FA257DF9CF00E51FC8 /* Sources */ = {
			isa = PBXSourcesBuildPhase;
			buildActionMask = 2147483647;
			files = (
				CD8BFE0E257DFF8D0063DB29 /* LoginViewController.swift in Sources */,
				CD8BFE13257DFFAA0063DB29 /* RegisterViewController.swift in Sources */,
				CD8BFE22257E00040063DB29 /* NewConversationViewController.swift in Sources */,
				CDF6E706257DF9CF00E51FC8 /* ConversationsViewController.swift in Sources */,
				CD8BFE1D257DFFE00063DB29 /* VideoPlayerViewController.swift in Sources */,
				CDF9075B257E22C100671429 /* Extensions.swift in Sources */,
				CDF6E702257DF9CF00E51FC8 /* AppDelegate.swift in Sources */,
				CD8BFE27257E00280063DB29 /* ProfileViewController.swift in Sources */,
				CDF6E704257DF9CF00E51FC8 /* SceneDelegate.swift in Sources */,
				CD8BFE18257DFFC90063DB29 /* PhotoViewerViewController.swift in Sources */,
			);
			runOnlyForDeploymentPostprocessing = 0;
		};
		CDF6E710257DF9D100E51FC8 /* Sources */ = {
			isa = PBXSourcesBuildPhase;
			buildActionMask = 2147483647;
			files = (
				CDF6E719257DF9D100E51FC8 /* MessengerTests.swift in Sources */,
			);
			runOnlyForDeploymentPostprocessing = 0;
		};
		CDF6E71B257DF9D100E51FC8 /* Sources */ = {
			isa = PBXSourcesBuildPhase;
			buildActionMask = 2147483647;
			files = (
				CDF6E724257DF9D100E51FC8 /* MessengerUITests.swift in Sources */,
			);
			runOnlyForDeploymentPostprocessing = 0;
		};
/* End PBXSourcesBuildPhase section */

/* Begin PBXTargetDependency section */
		CDF6E716257DF9D100E51FC8 /* PBXTargetDependency */ = {
			isa = PBXTargetDependency;
			target = CDF6E6FD257DF9CF00E51FC8 /* Messenger */;
			targetProxy = CDF6E715257DF9D100E51FC8 /* PBXContainerItemProxy */;
		};
		CDF6E721257DF9D100E51FC8 /* PBXTargetDependency */ = {
			isa = PBXTargetDependency;
			target = CDF6E6FD257DF9CF00E51FC8 /* Messenger */;
			targetProxy = CDF6E720257DF9D100E51FC8 /* PBXContainerItemProxy */;
		};
/* End PBXTargetDependency section */

/* Begin PBXVariantGroup section */
		CDF6E707257DF9CF00E51FC8 /* Main.storyboard */ = {
			isa = PBXVariantGroup;
			children = (
				CDF6E708257DF9CF00E51FC8 /* Base */,
			);
			name = Main.storyboard;
			sourceTree = "<group>";
		};
		CDF6E70C257DF9D100E51FC8 /* LaunchScreen.storyboard */ = {
			isa = PBXVariantGroup;
			children = (
				CDF6E70D257DF9D100E51FC8 /* Base */,
			);
			name = LaunchScreen.storyboard;
			sourceTree = "<group>";
		};
/* End PBXVariantGroup section */

/* Begin XCBuildConfiguration section */
		CDF6E726257DF9D100E51FC8 /* Debug */ = {
			isa = XCBuildConfiguration;
			buildSettings = {
				ALWAYS_SEARCH_USER_PATHS = NO;
				CLANG_ANALYZER_NONNULL = YES;
				CLANG_ANALYZER_NUMBER_OBJECT_CONVERSION = YES_AGGRESSIVE;
				CLANG_CXX_LANGUAGE_STANDARD = "gnu++14";
				CLANG_CXX_LIBRARY = "libc++";
				CLANG_ENABLE_MODULES = YES;
				CLANG_ENABLE_OBJC_ARC = YES;
				CLANG_ENABLE_OBJC_WEAK = YES;
				CLANG_WARN_BLOCK_CAPTURE_AUTORELEASING = YES;
				CLANG_WARN_BOOL_CONVERSION = YES;
				CLANG_WARN_COMMA = YES;
				CLANG_WARN_CONSTANT_CONVERSION = YES;
				CLANG_WARN_DEPRECATED_OBJC_IMPLEMENTATIONS = YES;
				CLANG_WARN_DIRECT_OBJC_ISA_USAGE = YES_ERROR;
				CLANG_WARN_DOCUMENTATION_COMMENTS = YES;
				CLANG_WARN_EMPTY_BODY = YES;
				CLANG_WARN_ENUM_CONVERSION = YES;
				CLANG_WARN_INFINITE_RECURSION = YES;
				CLANG_WARN_INT_CONVERSION = YES;
				CLANG_WARN_NON_LITERAL_NULL_CONVERSION = YES;
				CLANG_WARN_OBJC_IMPLICIT_RETAIN_SELF = YES;
				CLANG_WARN_OBJC_LITERAL_CONVERSION = YES;
				CLANG_WARN_OBJC_ROOT_CLASS = YES_ERROR;
				CLANG_WARN_QUOTED_INCLUDE_IN_FRAMEWORK_HEADER = YES;
				CLANG_WARN_RANGE_LOOP_ANALYSIS = YES;
				CLANG_WARN_STRICT_PROTOTYPES = YES;
				CLANG_WARN_SUSPICIOUS_MOVE = YES;
				CLANG_WARN_UNGUARDED_AVAILABILITY = YES_AGGRESSIVE;
				CLANG_WARN_UNREACHABLE_CODE = YES;
				CLANG_WARN__DUPLICATE_METHOD_MATCH = YES;
				COPY_PHASE_STRIP = NO;
				DEBUG_INFORMATION_FORMAT = dwarf;
				ENABLE_STRICT_OBJC_MSGSEND = YES;
				ENABLE_TESTABILITY = YES;
				GCC_C_LANGUAGE_STANDARD = gnu11;
				GCC_DYNAMIC_NO_PIC = NO;
				GCC_NO_COMMON_BLOCKS = YES;
				GCC_OPTIMIZATION_LEVEL = 0;
				GCC_PREPROCESSOR_DEFINITIONS = (
					"DEBUG=1",
					"$(inherited)",
				);
				GCC_WARN_64_TO_32_BIT_CONVERSION = YES;
				GCC_WARN_ABOUT_RETURN_TYPE = YES_ERROR;
				GCC_WARN_UNDECLARED_SELECTOR = YES;
				GCC_WARN_UNINITIALIZED_AUTOS = YES_AGGRESSIVE;
				GCC_WARN_UNUSED_FUNCTION = YES;
				GCC_WARN_UNUSED_VARIABLE = YES;
				IPHONEOS_DEPLOYMENT_TARGET = 14.2;
				MTL_ENABLE_DEBUG_INFO = INCLUDE_SOURCE;
				MTL_FAST_MATH = YES;
				ONLY_ACTIVE_ARCH = YES;
				SDKROOT = iphoneos;
				SWIFT_ACTIVE_COMPILATION_CONDITIONS = DEBUG;
				SWIFT_OPTIMIZATION_LEVEL = "-Onone";
			};
			name = Debug;
		};
		CDF6E727257DF9D100E51FC8 /* Release */ = {
			isa = XCBuildConfiguration;
			buildSettings = {
				ALWAYS_SEARCH_USER_PATHS = NO;
				CLANG_ANALYZER_NONNULL = YES;
				CLANG_ANALYZER_NUMBER_OBJECT_CONVERSION = YES_AGGRESSIVE;
				CLANG_CXX_LANGUAGE_STANDARD = "gnu++14";
				CLANG_CXX_LIBRARY = "libc++";
				CLANG_ENABLE_MODULES = YES;
				CLANG_ENABLE_OBJC_ARC = YES;
				CLANG_ENABLE_OBJC_WEAK = YES;
				CLANG_WARN_BLOCK_CAPTURE_AUTORELEASING = YES;
				CLANG_WARN_BOOL_CONVERSION = YES;
				CLANG_WARN_COMMA = YES;
				CLANG_WARN_CONSTANT_CONVERSION = YES;
				CLANG_WARN_DEPRECATED_OBJC_IMPLEMENTATIONS = YES;
				CLANG_WARN_DIRECT_OBJC_ISA_USAGE = YES_ERROR;
				CLANG_WARN_DOCUMENTATION_COMMENTS = YES;
				CLANG_WARN_EMPTY_BODY = YES;
				CLANG_WARN_ENUM_CONVERSION = YES;
				CLANG_WARN_INFINITE_RECURSION = YES;
				CLANG_WARN_INT_CONVERSION = YES;
				CLANG_WARN_NON_LITERAL_NULL_CONVERSION = YES;
				CLANG_WARN_OBJC_IMPLICIT_RETAIN_SELF = YES;
				CLANG_WARN_OBJC_LITERAL_CONVERSION = YES;
				CLANG_WARN_OBJC_ROOT_CLASS = YES_ERROR;
				CLANG_WARN_QUOTED_INCLUDE_IN_FRAMEWORK_HEADER = YES;
				CLANG_WARN_RANGE_LOOP_ANALYSIS = YES;
				CLANG_WARN_STRICT_PROTOTYPES = YES;
				CLANG_WARN_SUSPICIOUS_MOVE = YES;
				CLANG_WARN_UNGUARDED_AVAILABILITY = YES_AGGRESSIVE;
				CLANG_WARN_UNREACHABLE_CODE = YES;
				CLANG_WARN__DUPLICATE_METHOD_MATCH = YES;
				COPY_PHASE_STRIP = NO;
				DEBUG_INFORMATION_FORMAT = "dwarf-with-dsym";
				ENABLE_NS_ASSERTIONS = NO;
				ENABLE_STRICT_OBJC_MSGSEND = YES;
				GCC_C_LANGUAGE_STANDARD = gnu11;
				GCC_NO_COMMON_BLOCKS = YES;
				GCC_WARN_64_TO_32_BIT_CONVERSION = YES;
				GCC_WARN_ABOUT_RETURN_TYPE = YES_ERROR;
				GCC_WARN_UNDECLARED_SELECTOR = YES;
				GCC_WARN_UNINITIALIZED_AUTOS = YES_AGGRESSIVE;
				GCC_WARN_UNUSED_FUNCTION = YES;
				GCC_WARN_UNUSED_VARIABLE = YES;
				IPHONEOS_DEPLOYMENT_TARGET = 14.2;
				MTL_ENABLE_DEBUG_INFO = NO;
				MTL_FAST_MATH = YES;
				SDKROOT = iphoneos;
				SWIFT_COMPILATION_MODE = wholemodule;
				SWIFT_OPTIMIZATION_LEVEL = "-O";
				VALIDATE_PRODUCT = YES;
			};
			name = Release;
		};
		CDF6E729257DF9D100E51FC8 /* Debug */ = {
			isa = XCBuildConfiguration;
			baseConfigurationReference = 1E24CAB39706151C57BF063F /* Pods-Messenger.debug.xcconfig */;
			buildSettings = {
				ASSETCATALOG_COMPILER_APPICON_NAME = AppIcon;
				ASSETCATALOG_COMPILER_GLOBAL_ACCENT_COLOR_NAME = AccentColor;
				CODE_SIGN_STYLE = Automatic;
				INFOPLIST_FILE = Messenger/Info.plist;
				LD_RUNPATH_SEARCH_PATHS = (
					"$(inherited)",
					"@executable_path/Frameworks",
				);
				PRODUCT_BUNDLE_IDENTIFIER = com.example.Messenger;
				PRODUCT_NAME = "$(TARGET_NAME)";
				SWIFT_VERSION = 5.0;
				TARGETED_DEVICE_FAMILY = "1,2";
			};
			name = Debug;
		};
		CDF6E72A257DF9D100E51FC8 /* Release */ = {
			isa = XCBuildConfiguration;
			baseConfigurationReference = 5179589679DB0566383F1044 /* Pods-Messenger.release.xcconfig */;
			buildSettings = {
				ASSETCATALOG_COMPILER_APPICON_NAME = AppIcon;
				ASSETCATALOG_COMPILER_GLOBAL_ACCENT_COLOR_NAME = AccentColor;
				CODE_SIGN_STYLE = Automatic;
				INFOPLIST_FILE = Messenger/Info.plist;
				LD_RUNPATH_SEARCH_PATHS = (
					"$(inherited)",
					"@executable_path/Frameworks",
				);
				PRODUCT_BUNDLE_IDENTIFIER = com.example.Messenger;
				PRODUCT_NAME = "$(TARGET_NAME)";
				SWIFT_VERSION = 5.0;
				TARGETED_DEVICE_FAMILY = "1,2";
			};
			name = Release;
		};
		CDF6E72C257DF9D100E51FC8 /* Debug */ = {
			isa = XCBuildConfiguration;
			baseConfigurationReference = 6BED0852CC1338AA41D195FF /* Pods-MessengerTests.debug.xcconfig */;
			buildSettings = {
				ALWAYS_EMBED_SWIFT_STANDARD_LIBRARIES = YES;
				BUNDLE_LOADER = "$(TEST_HOST)";
				CODE_SIGN_STYLE = Automatic;
				INFOPLIST_FILE = MessengerTests/Info.plist;
				IPHONEOS_DEPLOYMENT_TARGET = 14.2;
				LD_RUNPATH_SEARCH_PATHS = (
					"$(inherited)",
					"@executable_path/Frameworks",
					"@loader_path/Frameworks",
				);
				PRODUCT_BUNDLE_IDENTIFIER = com.example.MessengerTests;
				PRODUCT_NAME = "$(TARGET_NAME)";
				SWIFT_VERSION = 5.0;
				TARGETED_DEVICE_FAMILY = "1,2";
				TEST_HOST = "$(BUILT_PRODUCTS_DIR)/Messenger.app/Messenger";
			};
			name = Debug;
		};
		CDF6E72D257DF9D100E51FC8 /* Release */ = {
			isa = XCBuildConfiguration;
			baseConfigurationReference = DA3E8CCC4F0883793130F684 /* Pods-MessengerTests.release.xcconfig */;
			buildSettings = {
				ALWAYS_EMBED_SWIFT_STANDARD_LIBRARIES = YES;
				BUNDLE_LOADER = "$(TEST_HOST)";
				CODE_SIGN_STYLE = Automatic;
				INFOPLIST_FILE = MessengerTests/Info.plist;
				IPHONEOS_DEPLOYMENT_TARGET = 14.2;
				LD_RUNPATH_SEARCH_PATHS = (
					"$(inherited)",
					"@executable_path/Frameworks",
					"@loader_path/Frameworks",
				);
				PRODUCT_BUNDLE_IDENTIFIER = com.example.MessengerTests;
				PRODUCT_NAME = "$(TARGET_NAME)";
				SWIFT_VERSION = 5.0;
				TARGETED_DEVICE_FAMILY = "1,2";
				TEST_HOST = "$(BUILT_PRODUCTS_DIR)/Messenger.app/Messenger";
			};
			name = Release;
		};
		CDF6E72F257DF9D100E51FC8 /* Debug */ = {
			isa = XCBuildConfiguration;
			baseConfigurationReference = 321EEFC6EB18AC9E1DA05DC4 /* Pods-Messenger-MessengerUITests.debug.xcconfig */;
			buildSettings = {
				ALWAYS_EMBED_SWIFT_STANDARD_LIBRARIES = YES;
				CODE_SIGN_STYLE = Automatic;
				INFOPLIST_FILE = MessengerUITests/Info.plist;
				LD_RUNPATH_SEARCH_PATHS = (
					"$(inherited)",
					"@executable_path/Frameworks",
					"@loader_path/Frameworks",
				);
				PRODUCT_BUNDLE_IDENTIFIER = com.example.MessengerUITests;
				PRODUCT_NAME = "$(TARGET_NAME)";
				SWIFT_VERSION = 5.0;
				TARGETED_DEVICE_FAMILY = "1,2";
				TEST_TARGET_NAME = Messenger;
			};
			name = Debug;
		};
		CDF6E730257DF9D100E51FC8 /* Release */ = {
			isa = XCBuildConfiguration;
			baseConfigurationReference = 0DF0900F5A3CF287AB9227A0 /* Pods-Messenger-MessengerUITests.release.xcconfig */;
			buildSettings = {
				ALWAYS_EMBED_SWIFT_STANDARD_LIBRARIES = YES;
				CODE_SIGN_STYLE = Automatic;
				INFOPLIST_FILE = MessengerUITests/Info.plist;
				LD_RUNPATH_SEARCH_PATHS = (
					"$(inherited)",
					"@executable_path/Frameworks",
					"@loader_path/Frameworks",
				);
				PRODUCT_BUNDLE_IDENTIFIER = com.example.MessengerUITests;
				PRODUCT_NAME = "$(TARGET_NAME)";
				SWIFT_VERSION = 5.0;
				TARGETED_DEVICE_FAMILY = "1,2";
				TEST_TARGET_NAME = Messenger;
			};
			name = Release;
		};
/* End XCBuildConfiguration section */

/* Begin XCConfigurationList section */
		CDF6E6F9257DF9CF00E51FC8 /* Build configuration list for PBXProject "Messenger" */ = {
			isa = XCConfigurationList;
			buildConfigurations = (
				CDF6E726257DF9D100E51FC8 /* Debug */,
				CDF6E727257DF9D100E51FC8 /* Release */,
			);
			defaultConfigurationIsVisible = 0;
			defaultConfigurationName = Release;
		};
		CDF6E728257DF9D100E51FC8 /* Build configuration list for PBXNativeTarget "Messenger" */ = {
			isa = XCConfigurationList;
			buildConfigurations = (
				CDF6E729257DF9D100E51FC8 /* Debug */,
				CDF6E72A257DF9D100E51FC8 /* Release */,
			);
			defaultConfigurationIsVisible = 0;
			defaultConfigurationName = Release;
		};
		CDF6E72B257DF9D100E51FC8 /* Build configuration list for PBXNativeTarget "MessengerTests" */ = {
			isa = XCConfigurationList;
			buildConfigurations = (
				CDF6E72C257DF9D100E51FC8 /* Debug */,
				CDF6E72D257DF9D100E51FC8 /* Release */,
			);
			defaultConfigurationIsVisible = 0;
			defaultConfigurationName = Release;
		};
		CDF6E72E257DF9D100E51FC8 /* Build configuration list for PBXNativeTarget "MessengerUITests" */ = {
			isa = XCConfigurationList;
			buildConfigurations = (
				CDF6E72F257DF9D100E51FC8 /* Debug */,
				CDF6E730257DF9D100E51FC8 /* Release */,
			);
			defaultConfigurationIsVisible = 0;
			defaultConfigurationName = Release;
		};
/* End XCConfigurationList section */
	};
	rootObject = CDF6E6F6257DF9CF00E51FC8 /* Project object */;
}
